
Microsoft Visual Studio Solution File, Format Version 12.00
# Visual Studio Version 16
VisualStudioVersion = 16.0.30114.105
MinimumVisualStudioVersion = 10.0.40219.1
Project("{9A19103F-16F7-4668-BE54-9A1E7A4F7556}") = "Luna.Core", "src\Luna.Core\Luna.Core.csproj", "{271C877A-32B6-441D-AF65-70D0ABC91A8A}"
EndProject
Project("{2150E333-8FDC-42A3-9474-1A3956D46DE8}") = "src", "src", "{1009CB97-1A4C-414F-84A0-2DB1BBE31408}"
EndProject
Project("{2150E333-8FDC-42A3-9474-1A3956D46DE8}") = "tests", "tests", "{EF8771BD-6EC8-443F-8289-E4901A635086}"
EndProject
Project("{2150E333-8FDC-42A3-9474-1A3956D46DE8}") = "Solution Items", "Solution Items", "{7B9033F1-733E-4A5A-9C4C-8F3B034F286B}"
	ProjectSection(SolutionItems) = preProject
		common.props = common.props
		README.md = README.md
		.travis.yml = .travis.yml
		publishToNuget.bat = publishToNuget.bat
		publish2Nuget.sh = publish2Nuget.sh
		buildpackage.bat = buildpackage.bat
	EndProjectSection
EndProject
Project("{9A19103F-16F7-4668-BE54-9A1E7A4F7556}") = "Luna.Web", "src\Luna.Web\Luna.Web.csproj", "{872AF27D-2F58-434E-AB72-7ED27BA3364F}"
EndProject
Project("{9A19103F-16F7-4668-BE54-9A1E7A4F7556}") = "Luna.Dapper", "src\Luna.Dapper\Luna.Dapper.csproj", "{B335F294-B631-435C-A5B9-DF3E337D4535}"
EndProject
Project("{FAE04EC0-301F-11D3-BF4B-00C04F79EFBC}") = "Luna.Core.Tests", "tests\Luna.Core.Tests\Luna.Core.Tests.csproj", "{C1623674-7EFD-4FEB-BC7B-B739F5CEBC48}"
EndProject
Project("{FAE04EC0-301F-11D3-BF4B-00C04F79EFBC}") = "TestModule.Core", "tests\TestModule.Core\TestModule.Core.csproj", "{DC009BE8-1B22-4C3C-8CB0-745FAB09480D}"
EndProject
Project("{FAE04EC0-301F-11D3-BF4B-00C04F79EFBC}") = "TestModule.Entry", "tests\TestModule.Entry\TestModule.Entry.csproj", "{51E3F7F5-C526-4E53-A844-A45390D2776E}"
EndProject
Project("{2150E333-8FDC-42A3-9474-1A3956D46DE8}") = "samples", "samples", "{728B51ED-B227-4CC8-94E7-379BFB17CC61}"
EndProject
Project("{FAE04EC0-301F-11D3-BF4B-00C04F79EFBC}") = "Luna.Web.Tests", "tests\Luna.Web.Tests\Luna.Web.Tests.csproj", "{C3E80EE1-0084-4662-B361-849E52D7A6B2}"
EndProject
Project("{FAE04EC0-301F-11D3-BF4B-00C04F79EFBC}") = "Sample.Web", "samples\Sample.Web\Sample.Web.csproj", "{5A9708DC-871E-4318-99BF-6BFEB752E6AA}"
EndProject
Project("{FAE04EC0-301F-11D3-BF4B-00C04F79EFBC}") = "Sample.Core", "samples\Sample.Core\Sample.Core.csproj", "{0810CD7F-3045-407F-ACBE-8E3419D40887}"
EndProject
Project("{FAE04EC0-301F-11D3-BF4B-00C04F79EFBC}") = "Luna.Dapper.Tests", "tests\Luna.Dapper.Tests\Luna.Dapper.Tests.csproj", "{3CA610C4-1930-4AE4-9B74-32FC5FFA1827}"
EndProject
Project("{FAE04EC0-301F-11D3-BF4B-00C04F79EFBC}") = "Luna.MongoDb", "src\Luna.MongoDb\Luna.MongoDb.csproj", "{D45E37E9-F009-4D66-ABC4-31ABEF089E61}"
EndProject
Project("{FAE04EC0-301F-11D3-BF4B-00C04F79EFBC}") = "Luna.MongoDb.Tests", "tests\Luna.MongoDb.Tests\Luna.MongoDb.Tests.csproj", "{77540C2B-6E30-4309-8925-240946A09165}"
EndProject
Global
	GlobalSection(SolutionConfigurationPlatforms) = preSolution
		Debug|Any CPU = Debug|Any CPU
		Release|Any CPU = Release|Any CPU
	EndGlobalSection
	GlobalSection(ProjectConfigurationPlatforms) = postSolution
		{271C877A-32B6-441D-AF65-70D0ABC91A8A}.Debug|Any CPU.ActiveCfg = Debug|Any CPU
		{271C877A-32B6-441D-AF65-70D0ABC91A8A}.Debug|Any CPU.Build.0 = Debug|Any CPU
		{271C877A-32B6-441D-AF65-70D0ABC91A8A}.Release|Any CPU.ActiveCfg = Release|Any CPU
		{271C877A-32B6-441D-AF65-70D0ABC91A8A}.Release|Any CPU.Build.0 = Release|Any CPU
		{872AF27D-2F58-434E-AB72-7ED27BA3364F}.Debug|Any CPU.ActiveCfg = Debug|Any CPU
		{872AF27D-2F58-434E-AB72-7ED27BA3364F}.Debug|Any CPU.Build.0 = Debug|Any CPU
		{872AF27D-2F58-434E-AB72-7ED27BA3364F}.Release|Any CPU.ActiveCfg = Release|Any CPU
		{872AF27D-2F58-434E-AB72-7ED27BA3364F}.Release|Any CPU.Build.0 = Release|Any CPU
		{B335F294-B631-435C-A5B9-DF3E337D4535}.Debug|Any CPU.ActiveCfg = Debug|Any CPU
		{B335F294-B631-435C-A5B9-DF3E337D4535}.Debug|Any CPU.Build.0 = Debug|Any CPU
		{B335F294-B631-435C-A5B9-DF3E337D4535}.Release|Any CPU.ActiveCfg = Release|Any CPU
		{B335F294-B631-435C-A5B9-DF3E337D4535}.Release|Any CPU.Build.0 = Release|Any CPU
		{C1623674-7EFD-4FEB-BC7B-B739F5CEBC48}.Debug|Any CPU.ActiveCfg = Debug|Any CPU
		{C1623674-7EFD-4FEB-BC7B-B739F5CEBC48}.Debug|Any CPU.Build.0 = Debug|Any CPU
		{C1623674-7EFD-4FEB-BC7B-B739F5CEBC48}.Release|Any CPU.ActiveCfg = Release|Any CPU
		{C1623674-7EFD-4FEB-BC7B-B739F5CEBC48}.Release|Any CPU.Build.0 = Release|Any CPU
		{DC009BE8-1B22-4C3C-8CB0-745FAB09480D}.Debug|Any CPU.ActiveCfg = Debug|Any CPU
		{DC009BE8-1B22-4C3C-8CB0-745FAB09480D}.Debug|Any CPU.Build.0 = Debug|Any CPU
		{DC009BE8-1B22-4C3C-8CB0-745FAB09480D}.Release|Any CPU.ActiveCfg = Release|Any CPU
		{DC009BE8-1B22-4C3C-8CB0-745FAB09480D}.Release|Any CPU.Build.0 = Release|Any CPU
		{51E3F7F5-C526-4E53-A844-A45390D2776E}.Debug|Any CPU.ActiveCfg = Debug|Any CPU
		{51E3F7F5-C526-4E53-A844-A45390D2776E}.Debug|Any CPU.Build.0 = Debug|Any CPU
		{51E3F7F5-C526-4E53-A844-A45390D2776E}.Release|Any CPU.ActiveCfg = Release|Any CPU
		{51E3F7F5-C526-4E53-A844-A45390D2776E}.Release|Any CPU.Build.0 = Release|Any CPU
		{C3E80EE1-0084-4662-B361-849E52D7A6B2}.Debug|Any CPU.ActiveCfg = Debug|Any CPU
		{C3E80EE1-0084-4662-B361-849E52D7A6B2}.Debug|Any CPU.Build.0 = Debug|Any CPU
		{C3E80EE1-0084-4662-B361-849E52D7A6B2}.Release|Any CPU.ActiveCfg = Release|Any CPU
		{C3E80EE1-0084-4662-B361-849E52D7A6B2}.Release|Any CPU.Build.0 = Release|Any CPU
		{5A9708DC-871E-4318-99BF-6BFEB752E6AA}.Debug|Any CPU.ActiveCfg = Debug|Any CPU
		{5A9708DC-871E-4318-99BF-6BFEB752E6AA}.Debug|Any CPU.Build.0 = Debug|Any CPU
		{5A9708DC-871E-4318-99BF-6BFEB752E6AA}.Release|Any CPU.ActiveCfg = Release|Any CPU
		{5A9708DC-871E-4318-99BF-6BFEB752E6AA}.Release|Any CPU.Build.0 = Release|Any CPU
		{0810CD7F-3045-407F-ACBE-8E3419D40887}.Debug|Any CPU.ActiveCfg = Debug|Any CPU
		{0810CD7F-3045-407F-ACBE-8E3419D40887}.Debug|Any CPU.Build.0 = Debug|Any CPU
		{0810CD7F-3045-407F-ACBE-8E3419D40887}.Release|Any CPU.ActiveCfg = Release|Any CPU
		{0810CD7F-3045-407F-ACBE-8E3419D40887}.Release|Any CPU.Build.0 = Release|Any CPU
		{3CA610C4-1930-4AE4-9B74-32FC5FFA1827}.Debug|Any CPU.ActiveCfg = Debug|Any CPU
		{3CA610C4-1930-4AE4-9B74-32FC5FFA1827}.Debug|Any CPU.Build.0 = Debug|Any CPU
		{3CA610C4-1930-4AE4-9B74-32FC5FFA1827}.Release|Any CPU.ActiveCfg = Release|Any CPU
		{3CA610C4-1930-4AE4-9B74-32FC5FFA1827}.Release|Any CPU.Build.0 = Release|Any CPU
		{D45E37E9-F009-4D66-ABC4-31ABEF089E61}.Debug|Any CPU.ActiveCfg = Debug|Any CPU
		{D45E37E9-F009-4D66-ABC4-31ABEF089E61}.Debug|Any CPU.Build.0 = Debug|Any CPU
		{D45E37E9-F009-4D66-ABC4-31ABEF089E61}.Release|Any CPU.ActiveCfg = Release|Any CPU
		{D45E37E9-F009-4D66-ABC4-31ABEF089E61}.Release|Any CPU.Build.0 = Release|Any CPU
		{77540C2B-6E30-4309-8925-240946A09165}.Debug|Any CPU.ActiveCfg = Debug|Any CPU
		{77540C2B-6E30-4309-8925-240946A09165}.Debug|Any CPU.Build.0 = Debug|Any CPU
		{77540C2B-6E30-4309-8925-240946A09165}.Release|Any CPU.ActiveCfg = Release|Any CPU
		{77540C2B-6E30-4309-8925-240946A09165}.Release|Any CPU.Build.0 = Release|Any CPU
	EndGlobalSection
	GlobalSection(SolutionProperties) = preSolution
		HideSolutionNode = FALSE
	EndGlobalSection
	GlobalSection(NestedProjects) = preSolution
		{271C877A-32B6-441D-AF65-70D0ABC91A8A} = {1009CB97-1A4C-414F-84A0-2DB1BBE31408}
		{872AF27D-2F58-434E-AB72-7ED27BA3364F} = {1009CB97-1A4C-414F-84A0-2DB1BBE31408}
		{B335F294-B631-435C-A5B9-DF3E337D4535} = {1009CB97-1A4C-414F-84A0-2DB1BBE31408}
		{C1623674-7EFD-4FEB-BC7B-B739F5CEBC48} = {EF8771BD-6EC8-443F-8289-E4901A635086}
		{DC009BE8-1B22-4C3C-8CB0-745FAB09480D} = {EF8771BD-6EC8-443F-8289-E4901A635086}
		{51E3F7F5-C526-4E53-A844-A45390D2776E} = {EF8771BD-6EC8-443F-8289-E4901A635086}
		{C3E80EE1-0084-4662-B361-849E52D7A6B2} = {EF8771BD-6EC8-443F-8289-E4901A635086}
		{5A9708DC-871E-4318-99BF-6BFEB752E6AA} = {728B51ED-B227-4CC8-94E7-379BFB17CC61}
		{0810CD7F-3045-407F-ACBE-8E3419D40887} = {728B51ED-B227-4CC8-94E7-379BFB17CC61}
		{3CA610C4-1930-4AE4-9B74-32FC5FFA1827} = {EF8771BD-6EC8-443F-8289-E4901A635086}
		{D45E37E9-F009-4D66-ABC4-31ABEF089E61} = {1009CB97-1A4C-414F-84A0-2DB1BBE31408}
		{77540C2B-6E30-4309-8925-240946A09165} = {EF8771BD-6EC8-443F-8289-E4901A635086}
	EndGlobalSection
	GlobalSection(ExtensibilityGlobals) = postSolution
		SolutionGuid = {3B76D42F-3CEF-4DB9-9960-27AE2EC91B8F}
	EndGlobalSection
EndGlobal
