
Microsoft Visual Studio Solution File, Format Version 12.00
# Visual Studio Version 16
VisualStudioVersion = 16.0.30114.105
MinimumVisualStudioVersion = 10.0.40219.1
Project("{9A19103F-16F7-4668-BE54-9A1E7A4F7556}") = "Luna.Core", "src\Luna.Core\Luna.Core.csproj", "{271C877A-32B6-441D-AF65-70D0ABC91A8A}"
EndProject
Project("{2150E333-8FDC-42A3-9474-1A3956D46DE8}") = "src", "src", "{1009CB97-1A4C-414F-84A0-2DB1BBE31408}"
EndProject
Project("{2150E333-8FDC-42A3-9474-1A3956D46DE8}") = "demo", "demo", "{9F487061-8CA3-4189-8D21-83175120B64E}"
EndProject
Project("{2150E333-8FDC-42A3-9474-1A3956D46DE8}") = "tests", "tests", "{EF8771BD-6EC8-443F-8289-E4901A635086}"
EndProject
Project("{9A19103F-16F7-4668-BE54-9A1E7A4F7556}") = "Luna.Castle.Nlog", "src\Luna.Castle.Nlog\Luna.Castle.Nlog.csproj", "{46A41CE0-A345-43B4-8BBD-C05E3524F0B3}"
EndProject
Project("{2150E333-8FDC-42A3-9474-1A3956D46DE8}") = "DemoApp", "DemoApp", "{253F5621-72C7-4ACA-B6C4-31608BFC6B56}"
EndProject
Project("{9A19103F-16F7-4668-BE54-9A1E7A4F7556}") = "DemoApp.Core", "demo\DemoApp\DemoApp.Core\DemoApp.Core.csproj", "{D9518E0A-1ED6-4476-BF78-D690FC5AD151}"
EndProject
Project("{9A19103F-16F7-4668-BE54-9A1E7A4F7556}") = "DemoApp.Service", "demo\DemoApp\DemoApp.Service\DemoApp.Service.csproj", "{4F68869A-5077-4E12-A8B4-90C31328D8EE}"
EndProject
Project("{2150E333-8FDC-42A3-9474-1A3956D46DE8}") = "Solution Items", "Solution Items", "{7B9033F1-733E-4A5A-9C4C-8F3B034F286B}"
	ProjectSection(SolutionItems) = preProject
		buildpackage.bat = buildpackage.bat
		common.props = common.props
		README.md = README.md
		.travis.yml = .travis.yml
	EndProjectSection
EndProject
Project("{9A19103F-16F7-4668-BE54-9A1E7A4F7556}") = "Luna.Web", "src\Luna.Web\Luna.Web.csproj", "{872AF27D-2F58-434E-AB72-7ED27BA3364F}"
EndProject
Project("{9A19103F-16F7-4668-BE54-9A1E7A4F7556}") = "DemoApp.WebDemo", "demo\DemoApp\DemoApp.WebDemo\DemoApp.WebDemo.csproj", "{A8B11B70-50C7-48B6-B937-4387C448EAB2}"
EndProject
Project("{9A19103F-16F7-4668-BE54-9A1E7A4F7556}") = "Luna.Core.Tests", "tests\Luna.Core.Tests\Luna.Core.Tests.csproj", "{C3DC4E2D-6EA5-4EE8-89DC-ADFCC2302218}"
EndProject
Project("{9A19103F-16F7-4668-BE54-9A1E7A4F7556}") = "Luna.Dapper", "src\Luna.Dapper\Luna.Dapper.csproj", "{B335F294-B631-435C-A5B9-DF3E337D4535}"
EndProject
Project("{9A19103F-16F7-4668-BE54-9A1E7A4F7556}") = "Luna.Dapper.Tests", "tests\Luna.Dapper.Tests\Luna.Dapper.Tests.csproj", "{72B1BB33-DCEE-4AFC-AE17-82D533C6C234}"
EndProject
Global
	GlobalSection(SolutionConfigurationPlatforms) = preSolution
		Debug|Any CPU = Debug|Any CPU
		Release|Any CPU = Release|Any CPU
	EndGlobalSection
	GlobalSection(ProjectConfigurationPlatforms) = postSolution
		{271C877A-32B6-441D-AF65-70D0ABC91A8A}.Debug|Any CPU.ActiveCfg = Debug|Any CPU
		{271C877A-32B6-441D-AF65-70D0ABC91A8A}.Debug|Any CPU.Build.0 = Debug|Any CPU
		{271C877A-32B6-441D-AF65-70D0ABC91A8A}.Release|Any CPU.ActiveCfg = Release|Any CPU
		{271C877A-32B6-441D-AF65-70D0ABC91A8A}.Release|Any CPU.Build.0 = Release|Any CPU
		{46A41CE0-A345-43B4-8BBD-C05E3524F0B3}.Debug|Any CPU.ActiveCfg = Debug|Any CPU
		{46A41CE0-A345-43B4-8BBD-C05E3524F0B3}.Debug|Any CPU.Build.0 = Debug|Any CPU
		{46A41CE0-A345-43B4-8BBD-C05E3524F0B3}.Release|Any CPU.ActiveCfg = Release|Any CPU
		{46A41CE0-A345-43B4-8BBD-C05E3524F0B3}.Release|Any CPU.Build.0 = Release|Any CPU
		{D9518E0A-1ED6-4476-BF78-D690FC5AD151}.Debug|Any CPU.ActiveCfg = Debug|Any CPU
		{D9518E0A-1ED6-4476-BF78-D690FC5AD151}.Debug|Any CPU.Build.0 = Debug|Any CPU
		{D9518E0A-1ED6-4476-BF78-D690FC5AD151}.Release|Any CPU.ActiveCfg = Release|Any CPU
		{D9518E0A-1ED6-4476-BF78-D690FC5AD151}.Release|Any CPU.Build.0 = Release|Any CPU
		{4F68869A-5077-4E12-A8B4-90C31328D8EE}.Debug|Any CPU.ActiveCfg = Debug|Any CPU
		{4F68869A-5077-4E12-A8B4-90C31328D8EE}.Debug|Any CPU.Build.0 = Debug|Any CPU
		{4F68869A-5077-4E12-A8B4-90C31328D8EE}.Release|Any CPU.ActiveCfg = Release|Any CPU
		{4F68869A-5077-4E12-A8B4-90C31328D8EE}.Release|Any CPU.Build.0 = Release|Any CPU
		{872AF27D-2F58-434E-AB72-7ED27BA3364F}.Debug|Any CPU.ActiveCfg = Debug|Any CPU
		{872AF27D-2F58-434E-AB72-7ED27BA3364F}.Debug|Any CPU.Build.0 = Debug|Any CPU
		{872AF27D-2F58-434E-AB72-7ED27BA3364F}.Release|Any CPU.ActiveCfg = Release|Any CPU
		{872AF27D-2F58-434E-AB72-7ED27BA3364F}.Release|Any CPU.Build.0 = Release|Any CPU
		{A8B11B70-50C7-48B6-B937-4387C448EAB2}.Debug|Any CPU.ActiveCfg = Debug|Any CPU
		{A8B11B70-50C7-48B6-B937-4387C448EAB2}.Debug|Any CPU.Build.0 = Debug|Any CPU
		{A8B11B70-50C7-48B6-B937-4387C448EAB2}.Release|Any CPU.ActiveCfg = Release|Any CPU
		{A8B11B70-50C7-48B6-B937-4387C448EAB2}.Release|Any CPU.Build.0 = Release|Any CPU
		{C3DC4E2D-6EA5-4EE8-89DC-ADFCC2302218}.Debug|Any CPU.ActiveCfg = Debug|Any CPU
		{C3DC4E2D-6EA5-4EE8-89DC-ADFCC2302218}.Debug|Any CPU.Build.0 = Debug|Any CPU
		{C3DC4E2D-6EA5-4EE8-89DC-ADFCC2302218}.Release|Any CPU.ActiveCfg = Release|Any CPU
		{C3DC4E2D-6EA5-4EE8-89DC-ADFCC2302218}.Release|Any CPU.Build.0 = Release|Any CPU
		{B335F294-B631-435C-A5B9-DF3E337D4535}.Debug|Any CPU.ActiveCfg = Debug|Any CPU
		{B335F294-B631-435C-A5B9-DF3E337D4535}.Debug|Any CPU.Build.0 = Debug|Any CPU
		{B335F294-B631-435C-A5B9-DF3E337D4535}.Release|Any CPU.ActiveCfg = Release|Any CPU
		{B335F294-B631-435C-A5B9-DF3E337D4535}.Release|Any CPU.Build.0 = Release|Any CPU
		{72B1BB33-DCEE-4AFC-AE17-82D533C6C234}.Debug|Any CPU.ActiveCfg = Debug|Any CPU
		{72B1BB33-DCEE-4AFC-AE17-82D533C6C234}.Debug|Any CPU.Build.0 = Debug|Any CPU
		{72B1BB33-DCEE-4AFC-AE17-82D533C6C234}.Release|Any CPU.ActiveCfg = Release|Any CPU
		{72B1BB33-DCEE-4AFC-AE17-82D533C6C234}.Release|Any CPU.Build.0 = Release|Any CPU
	EndGlobalSection
	GlobalSection(SolutionProperties) = preSolution
		HideSolutionNode = FALSE
	EndGlobalSection
	GlobalSection(NestedProjects) = preSolution
		{271C877A-32B6-441D-AF65-70D0ABC91A8A} = {1009CB97-1A4C-414F-84A0-2DB1BBE31408}
		{46A41CE0-A345-43B4-8BBD-C05E3524F0B3} = {1009CB97-1A4C-414F-84A0-2DB1BBE31408}
		{253F5621-72C7-4ACA-B6C4-31608BFC6B56} = {9F487061-8CA3-4189-8D21-83175120B64E}
		{D9518E0A-1ED6-4476-BF78-D690FC5AD151} = {253F5621-72C7-4ACA-B6C4-31608BFC6B56}
		{4F68869A-5077-4E12-A8B4-90C31328D8EE} = {253F5621-72C7-4ACA-B6C4-31608BFC6B56}
		{872AF27D-2F58-434E-AB72-7ED27BA3364F} = {1009CB97-1A4C-414F-84A0-2DB1BBE31408}
		{A8B11B70-50C7-48B6-B937-4387C448EAB2} = {253F5621-72C7-4ACA-B6C4-31608BFC6B56}
		{C3DC4E2D-6EA5-4EE8-89DC-ADFCC2302218} = {EF8771BD-6EC8-443F-8289-E4901A635086}
		{B335F294-B631-435C-A5B9-DF3E337D4535} = {1009CB97-1A4C-414F-84A0-2DB1BBE31408}
		{72B1BB33-DCEE-4AFC-AE17-82D533C6C234} = {EF8771BD-6EC8-443F-8289-E4901A635086}
	EndGlobalSection
	GlobalSection(ExtensibilityGlobals) = postSolution
		SolutionGuid = {3B76D42F-3CEF-4DB9-9960-27AE2EC91B8F}
	EndGlobalSection
EndGlobal
