
Microsoft Visual Studio Solution File, Format Version 12.00
# Visual Studio 15
VisualStudioVersion = 15.0.27703.2035
MinimumVisualStudioVersion = 10.0.40219.1
Project("{9A19103F-16F7-4668-BE54-9A1E7A4F7556}") = "Luna.Core", "src\Luna.Core\Luna.Core.csproj", "{271C877A-32B6-441D-AF65-70D0ABC91A8A}"
EndProject
Project("{2150E333-8FDC-42A3-9474-1A3956D46DE8}") = "src", "src", "{1009CB97-1A4C-414F-84A0-2DB1BBE31408}"
EndProject
Project("{2150E333-8FDC-42A3-9474-1A3956D46DE8}") = "demo", "demo", "{9F487061-8CA3-4189-8D21-83175120B64E}"
EndProject
Project("{2150E333-8FDC-42A3-9474-1A3956D46DE8}") = "tests", "tests", "{EF8771BD-6EC8-443F-8289-E4901A635086}"
EndProject
Project("{9A19103F-16F7-4668-BE54-9A1E7A4F7556}") = "Luna.Castle.Nlog", "src\Luna.Castle.Nlog\Luna.Castle.Nlog.csproj", "{46A41CE0-A345-43B4-8BBD-C05E3524F0B3}"
EndProject
Project("{2150E333-8FDC-42A3-9474-1A3956D46DE8}") = "DemoApp", "DemoApp", "{253F5621-72C7-4ACA-B6C4-31608BFC6B56}"
EndProject
Project("{FAE04EC0-301F-11D3-BF4B-00C04F79EFBC}") = "DemoApp.Core", "demo\DemoApp\DemoApp.Core\DemoApp.Core.csproj", "{D9518E0A-1ED6-4476-BF78-D690FC5AD151}"
EndProject
Project("{FAE04EC0-301F-11D3-BF4B-00C04F79EFBC}") = "DemoApp.Service", "demo\DemoApp\DemoApp.Service\DemoApp.Service.csproj", "{4F68869A-5077-4E12-A8B4-90C31328D8EE}"
EndProject
Global
	GlobalSection(SolutionConfigurationPlatforms) = preSolution
		Debug|Any CPU = Debug|Any CPU
		Release|Any CPU = Release|Any CPU
	EndGlobalSection
	GlobalSection(ProjectConfigurationPlatforms) = postSolution
		{271C877A-32B6-441D-AF65-70D0ABC91A8A}.Debug|Any CPU.ActiveCfg = Debug|Any CPU
		{271C877A-32B6-441D-AF65-70D0ABC91A8A}.Debug|Any CPU.Build.0 = Debug|Any CPU
		{271C877A-32B6-441D-AF65-70D0ABC91A8A}.Release|Any CPU.ActiveCfg = Release|Any CPU
		{271C877A-32B6-441D-AF65-70D0ABC91A8A}.Release|Any CPU.Build.0 = Release|Any CPU
		{46A41CE0-A345-43B4-8BBD-C05E3524F0B3}.Debug|Any CPU.ActiveCfg = Debug|Any CPU
		{46A41CE0-A345-43B4-8BBD-C05E3524F0B3}.Debug|Any CPU.Build.0 = Debug|Any CPU
		{46A41CE0-A345-43B4-8BBD-C05E3524F0B3}.Release|Any CPU.ActiveCfg = Release|Any CPU
		{46A41CE0-A345-43B4-8BBD-C05E3524F0B3}.Release|Any CPU.Build.0 = Release|Any CPU
		{D9518E0A-1ED6-4476-BF78-D690FC5AD151}.Debug|Any CPU.ActiveCfg = Debug|Any CPU
		{D9518E0A-1ED6-4476-BF78-D690FC5AD151}.Debug|Any CPU.Build.0 = Debug|Any CPU
		{D9518E0A-1ED6-4476-BF78-D690FC5AD151}.Release|Any CPU.ActiveCfg = Release|Any CPU
		{D9518E0A-1ED6-4476-BF78-D690FC5AD151}.Release|Any CPU.Build.0 = Release|Any CPU
		{4F68869A-5077-4E12-A8B4-90C31328D8EE}.Debug|Any CPU.ActiveCfg = Debug|Any CPU
		{4F68869A-5077-4E12-A8B4-90C31328D8EE}.Debug|Any CPU.Build.0 = Debug|Any CPU
		{4F68869A-5077-4E12-A8B4-90C31328D8EE}.Release|Any CPU.ActiveCfg = Release|Any CPU
		{4F68869A-5077-4E12-A8B4-90C31328D8EE}.Release|Any CPU.Build.0 = Release|Any CPU
	EndGlobalSection
	GlobalSection(SolutionProperties) = preSolution
		HideSolutionNode = FALSE
	EndGlobalSection
	GlobalSection(NestedProjects) = preSolution
		{271C877A-32B6-441D-AF65-70D0ABC91A8A} = {1009CB97-1A4C-414F-84A0-2DB1BBE31408}
		{46A41CE0-A345-43B4-8BBD-C05E3524F0B3} = {1009CB97-1A4C-414F-84A0-2DB1BBE31408}
		{253F5621-72C7-4ACA-B6C4-31608BFC6B56} = {9F487061-8CA3-4189-8D21-83175120B64E}
		{D9518E0A-1ED6-4476-BF78-D690FC5AD151} = {253F5621-72C7-4ACA-B6C4-31608BFC6B56}
		{4F68869A-5077-4E12-A8B4-90C31328D8EE} = {253F5621-72C7-4ACA-B6C4-31608BFC6B56}
	EndGlobalSection
	GlobalSection(ExtensibilityGlobals) = postSolution
		SolutionGuid = {3B76D42F-3CEF-4DB9-9960-27AE2EC91B8F}
	EndGlobalSection
EndGlobal
